// !$*UTF8*$!
{
	archiveVersion = 1;
	classes = {
	};
	objectVersion = 46;
	objects = {

/* Begin PBXBuildFile section */
		17ADC2071E8004DB008132A2 /* MyDataSource.swift in Sources */ = {isa = PBXBuildFile; fileRef = 17ADC2061E8004DB008132A2 /* MyDataSource.swift */; };
		22C3123552A54C9E7BE990A8 /* Pods_EatWhat.framework in Frameworks */ = {isa = PBXBuildFile; fileRef = EFB15A3943916E89BDAFD0AF /* Pods_EatWhat.framework */; };
		508FD4D41E6FF32C00BE8DED /* AppDelegate.swift in Sources */ = {isa = PBXBuildFile; fileRef = 508FD4D31E6FF32C00BE8DED /* AppDelegate.swift */; };
		508FD4D61E6FF32C00BE8DED /* ViewController.swift in Sources */ = {isa = PBXBuildFile; fileRef = 508FD4D51E6FF32C00BE8DED /* ViewController.swift */; };
		508FD4D91E6FF32C00BE8DED /* Main.storyboard in Resources */ = {isa = PBXBuildFile; fileRef = 508FD4D71E6FF32C00BE8DED /* Main.storyboard */; };
		508FD4DB1E6FF32C00BE8DED /* Assets.xcassets in Resources */ = {isa = PBXBuildFile; fileRef = 508FD4DA1E6FF32C00BE8DED /* Assets.xcassets */; };
		508FD4DE1E6FF32C00BE8DED /* LaunchScreen.storyboard in Resources */ = {isa = PBXBuildFile; fileRef = 508FD4DC1E6FF32C00BE8DED /* LaunchScreen.storyboard */; };
		508FD4E81E700E1200BE8DED /* LocationManager.swift in Sources */ = {isa = PBXBuildFile; fileRef = 508FD4E71E700E1200BE8DED /* LocationManager.swift */; };
		50E2A29D1E8122F1007BA5F3 /* Place.swift in Sources */ = {isa = PBXBuildFile; fileRef = 50E2A29C1E8122F1007BA5F3 /* Place.swift */; };
/* End PBXBuildFile section */

/* Begin PBXFileReference section */
		17ADC2061E8004DB008132A2 /* MyDataSource.swift */ = {isa = PBXFileReference; fileEncoding = 4; lastKnownFileType = sourcecode.swift; path = MyDataSource.swift; sourceTree = "<group>"; };
		508FD4D01E6FF32C00BE8DED /* EatWhat.app */ = {isa = PBXFileReference; explicitFileType = wrapper.application; includeInIndex = 0; path = EatWhat.app; sourceTree = BUILT_PRODUCTS_DIR; };
		508FD4D31E6FF32C00BE8DED /* AppDelegate.swift */ = {isa = PBXFileReference; lastKnownFileType = sourcecode.swift; path = AppDelegate.swift; sourceTree = "<group>"; };
		508FD4D51E6FF32C00BE8DED /* ViewController.swift */ = {isa = PBXFileReference; lastKnownFileType = sourcecode.swift; path = ViewController.swift; sourceTree = "<group>"; };
		508FD4D81E6FF32C00BE8DED /* Base */ = {isa = PBXFileReference; lastKnownFileType = file.storyboard; name = Base; path = Base.lproj/Main.storyboard; sourceTree = "<group>"; };
		508FD4DA1E6FF32C00BE8DED /* Assets.xcassets */ = {isa = PBXFileReference; lastKnownFileType = folder.assetcatalog; path = Assets.xcassets; sourceTree = "<group>"; };
		508FD4DD1E6FF32C00BE8DED /* Base */ = {isa = PBXFileReference; lastKnownFileType = file.storyboard; name = Base; path = Base.lproj/LaunchScreen.storyboard; sourceTree = "<group>"; };
		508FD4DF1E6FF32C00BE8DED /* Info.plist */ = {isa = PBXFileReference; lastKnownFileType = text.plist.xml; path = Info.plist; sourceTree = "<group>"; };
		508FD4E71E700E1200BE8DED /* LocationManager.swift */ = {isa = PBXFileReference; fileEncoding = 4; lastKnownFileType = sourcecode.swift; path = LocationManager.swift; sourceTree = "<group>"; };
		50E2A29C1E8122F1007BA5F3 /* Place.swift */ = {isa = PBXFileReference; fileEncoding = 4; lastKnownFileType = sourcecode.swift; path = Place.swift; sourceTree = "<group>"; };
		83E7ADA3DD4221964ED2F46E /* Pods-EatWhat.debug.xcconfig */ = {isa = PBXFileReference; includeInIndex = 1; lastKnownFileType = text.xcconfig; name = "Pods-EatWhat.debug.xcconfig"; path = "Pods/Target Support Files/Pods-EatWhat/Pods-EatWhat.debug.xcconfig"; sourceTree = "<group>"; };
		ED1858B4BD8F07600D47C0A9 /* Pods-EatWhat.release.xcconfig */ = {isa = PBXFileReference; includeInIndex = 1; lastKnownFileType = text.xcconfig; name = "Pods-EatWhat.release.xcconfig"; path = "Pods/Target Support Files/Pods-EatWhat/Pods-EatWhat.release.xcconfig"; sourceTree = "<group>"; };
		EFB15A3943916E89BDAFD0AF /* Pods_EatWhat.framework */ = {isa = PBXFileReference; explicitFileType = wrapper.framework; includeInIndex = 0; path = Pods_EatWhat.framework; sourceTree = BUILT_PRODUCTS_DIR; };
/* End PBXFileReference section */

/* Begin PBXFrameworksBuildPhase section */
		508FD4CD1E6FF32B00BE8DED /* Frameworks */ = {
			isa = PBXFrameworksBuildPhase;
			buildActionMask = 2147483647;
			files = (
				22C3123552A54C9E7BE990A8 /* Pods_EatWhat.framework in Frameworks */,
			);
			runOnlyForDeploymentPostprocessing = 0;
		};
/* End PBXFrameworksBuildPhase section */

/* Begin PBXGroup section */
		34A7E60FAFD2FF47E4371647 /* Frameworks */ = {
			isa = PBXGroup;
			children = (
				EFB15A3943916E89BDAFD0AF /* Pods_EatWhat.framework */,
			);
			name = Frameworks;
			sourceTree = "<group>";
		};
		508FD4C71E6FF32B00BE8DED = {
			isa = PBXGroup;
			children = (
				508FD4D21E6FF32C00BE8DED /* EatWhat */,
				508FD4D11E6FF32C00BE8DED /* Products */,
				F48DBC5ACC2C0D00991C02F1 /* Pods */,
				34A7E60FAFD2FF47E4371647 /* Frameworks */,
			);
			sourceTree = "<group>";
		};
		508FD4D11E6FF32C00BE8DED /* Products */ = {
			isa = PBXGroup;
			children = (
				508FD4D01E6FF32C00BE8DED /* EatWhat.app */,
			);
			name = Products;
			sourceTree = "<group>";
		};
		508FD4D21E6FF32C00BE8DED /* EatWhat */ = {
			isa = PBXGroup;
			children = (
				50E2A29B1E8122BD007BA5F3 /* module */,
				508FD4E61E700DC400BE8DED /* manager */,
				508FD4D31E6FF32C00BE8DED /* AppDelegate.swift */,
				508FD4D51E6FF32C00BE8DED /* ViewController.swift */,
				508FD4D71E6FF32C00BE8DED /* Main.storyboard */,
				508FD4DA1E6FF32C00BE8DED /* Assets.xcassets */,
				508FD4DC1E6FF32C00BE8DED /* LaunchScreen.storyboard */,
				508FD4DF1E6FF32C00BE8DED /* Info.plist */,
				17ADC2061E8004DB008132A2 /* MyDataSource.swift */,
			);
			path = EatWhat;
			sourceTree = "<group>";
		};
		508FD4E61E700DC400BE8DED /* manager */ = {
			isa = PBXGroup;
			children = (
				508FD4E71E700E1200BE8DED /* LocationManager.swift */,
			);
			name = manager;
			sourceTree = "<group>";
		};
		50E2A29B1E8122BD007BA5F3 /* module */ = {
			isa = PBXGroup;
			children = (
				50E2A29C1E8122F1007BA5F3 /* Place.swift */,
			);
			name = module;
			sourceTree = "<group>";
		};
		F48DBC5ACC2C0D00991C02F1 /* Pods */ = {
			isa = PBXGroup;
			children = (
				83E7ADA3DD4221964ED2F46E /* Pods-EatWhat.debug.xcconfig */,
				ED1858B4BD8F07600D47C0A9 /* Pods-EatWhat.release.xcconfig */,
			);
			name = Pods;
			sourceTree = "<group>";
		};
/* End PBXGroup section */

/* Begin PBXNativeTarget section */
		508FD4CF1E6FF32B00BE8DED /* EatWhat */ = {
			isa = PBXNativeTarget;
			buildConfigurationList = 508FD4E21E6FF32C00BE8DED /* Build configuration list for PBXNativeTarget "EatWhat" */;
			buildPhases = (
				B3FA9FC412631081F1E9E807 /* [CP] Check Pods Manifest.lock */,
				508FD4CC1E6FF32B00BE8DED /* Sources */,
				508FD4CD1E6FF32B00BE8DED /* Frameworks */,
				508FD4CE1E6FF32B00BE8DED /* Resources */,
				D17D20CC28B34AB09A02149B /* [CP] Embed Pods Frameworks */,
				E5011A2F689D703D00A0590B /* [CP] Copy Pods Resources */,
			);
			buildRules = (
			);
			dependencies = (
			);
			name = EatWhat;
			productName = EatWhat;
			productReference = 508FD4D01E6FF32C00BE8DED /* EatWhat.app */;
			productType = "com.apple.product-type.application";
		};
/* End PBXNativeTarget section */

/* Begin PBXProject section */
		508FD4C81E6FF32B00BE8DED /* Project object */ = {
			isa = PBXProject;
			attributes = {
				LastSwiftUpdateCheck = 0820;
				LastUpgradeCheck = 0820;
				ORGANIZATIONNAME = eros.chen;
				TargetAttributes = {
					508FD4CF1E6FF32B00BE8DED = {
						CreatedOnToolsVersion = 8.2.1;
						DevelopmentTeam = 9257AB8YS3;
						ProvisioningStyle = Automatic;
					};
				};
			};
			buildConfigurationList = 508FD4CB1E6FF32B00BE8DED /* Build configuration list for PBXProject "EatWhat" */;
			compatibilityVersion = "Xcode 3.2";
			developmentRegion = English;
			hasScannedForEncodings = 0;
			knownRegions = (
				en,
				Base,
			);
			mainGroup = 508FD4C71E6FF32B00BE8DED;
			productRefGroup = 508FD4D11E6FF32C00BE8DED /* Products */;
			projectDirPath = "";
			projectRoot = "";
			targets = (
				508FD4CF1E6FF32B00BE8DED /* EatWhat */,
			);
		};
/* End PBXProject section */

/* Begin PBXResourcesBuildPhase section */
		508FD4CE1E6FF32B00BE8DED /* Resources */ = {
			isa = PBXResourcesBuildPhase;
			buildActionMask = 2147483647;
			files = (
				508FD4DE1E6FF32C00BE8DED /* LaunchScreen.storyboard in Resources */,
				508FD4DB1E6FF32C00BE8DED /* Assets.xcassets in Resources */,
				508FD4D91E6FF32C00BE8DED /* Main.storyboard in Resources */,
			);
			runOnlyForDeploymentPostprocessing = 0;
		};
/* End PBXResourcesBuildPhase section */

/* Begin PBXShellScriptBuildPhase section */
		B3FA9FC412631081F1E9E807 /* [CP] Check Pods Manifest.lock */ = {
			isa = PBXShellScriptBuildPhase;
			buildActionMask = 2147483647;
			files = (
			);
			inputPaths = (
			);
			name = "[CP] Check Pods Manifest.lock";
			outputPaths = (
			);
			runOnlyForDeploymentPostprocessing = 0;
			shellPath = /bin/sh;
			shellScript = "diff \"${PODS_ROOT}/../Podfile.lock\" \"${PODS_ROOT}/Manifest.lock\" > /dev/null\nif [ $? != 0 ] ; then\n    # print error to STDERR\n    echo \"error: The sandbox is not in sync with the Podfile.lock. Run 'pod install' or update your CocoaPods installation.\" >&2\n    exit 1\nfi\n";
			showEnvVarsInLog = 0;
		};
		D17D20CC28B34AB09A02149B /* [CP] Embed Pods Frameworks */ = {
			isa = PBXShellScriptBuildPhase;
			buildActionMask = 2147483647;
			files = (
			);
			inputPaths = (
			);
			name = "[CP] Embed Pods Frameworks";
			outputPaths = (
			);
			runOnlyForDeploymentPostprocessing = 0;
			shellPath = /bin/sh;
			shellScript = "\"${SRCROOT}/Pods/Target Support Files/Pods-EatWhat/Pods-EatWhat-frameworks.sh\"\n";
			showEnvVarsInLog = 0;
		};
		E5011A2F689D703D00A0590B /* [CP] Copy Pods Resources */ = {
			isa = PBXShellScriptBuildPhase;
			buildActionMask = 2147483647;
			files = (
			);
			inputPaths = (
			);
			name = "[CP] Copy Pods Resources";
			outputPaths = (
			);
			runOnlyForDeploymentPostprocessing = 0;
			shellPath = /bin/sh;
			shellScript = "\"${SRCROOT}/Pods/Target Support Files/Pods-EatWhat/Pods-EatWhat-resources.sh\"\n";
			showEnvVarsInLog = 0;
		};
/* End PBXShellScriptBuildPhase section */

/* Begin PBXSourcesBuildPhase section */
		508FD4CC1E6FF32B00BE8DED /* Sources */ = {
			isa = PBXSourcesBuildPhase;
			buildActionMask = 2147483647;
			files = (
				508FD4D61E6FF32C00BE8DED /* ViewController.swift in Sources */,
				508FD4D41E6FF32C00BE8DED /* AppDelegate.swift in Sources */,
				17ADC2071E8004DB008132A2 /* MyDataSource.swift in Sources */,
				508FD4E81E700E1200BE8DED /* LocationManager.swift in Sources */,
				50E2A29D1E8122F1007BA5F3 /* Place.swift in Sources */,
			);
			runOnlyForDeploymentPostprocessing = 0;
		};
/* End PBXSourcesBuildPhase section */

/* Begin PBXVariantGroup section */
		508FD4D71E6FF32C00BE8DED /* Main.storyboard */ = {
			isa = PBXVariantGroup;
			children = (
				508FD4D81E6FF32C00BE8DED /* Base */,
			);
			name = Main.storyboard;
			sourceTree = "<group>";
		};
		508FD4DC1E6FF32C00BE8DED /* LaunchScreen.storyboard */ = {
			isa = PBXVariantGroup;
			children = (
				508FD4DD1E6FF32C00BE8DED /* Base */,
			);
			name = LaunchScreen.storyboard;
			sourceTree = "<group>";
		};
/* End PBXVariantGroup section */

/* Begin XCBuildConfiguration section */
		508FD4E01E6FF32C00BE8DED /* Debug */ = {
			isa = XCBuildConfiguration;
			buildSettings = {
				ALWAYS_SEARCH_USER_PATHS = NO;
				CLANG_ANALYZER_NONNULL = YES;
				CLANG_CXX_LANGUAGE_STANDARD = "gnu++0x";
				CLANG_CXX_LIBRARY = "libc++";
				CLANG_ENABLE_MODULES = YES;
				CLANG_ENABLE_OBJC_ARC = YES;
				CLANG_WARN_BOOL_CONVERSION = YES;
				CLANG_WARN_CONSTANT_CONVERSION = YES;
				CLANG_WARN_DIRECT_OBJC_ISA_USAGE = YES_ERROR;
				CLANG_WARN_DOCUMENTATION_COMMENTS = YES;
				CLANG_WARN_EMPTY_BODY = YES;
				CLANG_WARN_ENUM_CONVERSION = YES;
				CLANG_WARN_INFINITE_RECURSION = YES;
				CLANG_WARN_INT_CONVERSION = YES;
				CLANG_WARN_OBJC_ROOT_CLASS = YES_ERROR;
				CLANG_WARN_SUSPICIOUS_MOVE = YES;
				CLANG_WARN_UNREACHABLE_CODE = YES;
				CLANG_WARN__DUPLICATE_METHOD_MATCH = YES;
				"CODE_SIGN_IDENTITY[sdk=iphoneos*]" = "iPhone Developer";
				COPY_PHASE_STRIP = NO;
				DEBUG_INFORMATION_FORMAT = dwarf;
				ENABLE_STRICT_OBJC_MSGSEND = YES;
				ENABLE_TESTABILITY = YES;
				GCC_C_LANGUAGE_STANDARD = gnu99;
				GCC_DYNAMIC_NO_PIC = NO;
				GCC_NO_COMMON_BLOCKS = YES;
				GCC_OPTIMIZATION_LEVEL = 0;
				GCC_PREPROCESSOR_DEFINITIONS = (
					"DEBUG=1",
					"$(inherited)",
				);
				GCC_WARN_64_TO_32_BIT_CONVERSION = YES;
				GCC_WARN_ABOUT_RETURN_TYPE = YES_ERROR;
				GCC_WARN_UNDECLARED_SELECTOR = YES;
				GCC_WARN_UNINITIALIZED_AUTOS = YES_AGGRESSIVE;
				GCC_WARN_UNUSED_FUNCTION = YES;
				GCC_WARN_UNUSED_VARIABLE = YES;
				IPHONEOS_DEPLOYMENT_TARGET = 10.2;
				MTL_ENABLE_DEBUG_INFO = YES;
				ONLY_ACTIVE_ARCH = YES;
				SDKROOT = iphoneos;
				SWIFT_ACTIVE_COMPILATION_CONDITIONS = DEBUG;
				SWIFT_OPTIMIZATION_LEVEL = "-Onone";
			};
			name = Debug;
		};
		508FD4E11E6FF32C00BE8DED /* Release */ = {
			isa = XCBuildConfiguration;
			buildSettings = {
				ALWAYS_SEARCH_USER_PATHS = NO;
				CLANG_ANALYZER_NONNULL = YES;
				CLANG_CXX_LANGUAGE_STANDARD = "gnu++0x";
				CLANG_CXX_LIBRARY = "libc++";
				CLANG_ENABLE_MODULES = YES;
				CLANG_ENABLE_OBJC_ARC = YES;
				CLANG_WARN_BOOL_CONVERSION = YES;
				CLANG_WARN_CONSTANT_CONVERSION = YES;
				CLANG_WARN_DIRECT_OBJC_ISA_USAGE = YES_ERROR;
				CLANG_WARN_DOCUMENTATION_COMMENTS = YES;
				CLANG_WARN_EMPTY_BODY = YES;
				CLANG_WARN_ENUM_CONVERSION = YES;
				CLANG_WARN_INFINITE_RECURSION = YES;
				CLANG_WARN_INT_CONVERSION = YES;
				CLANG_WARN_OBJC_ROOT_CLASS = YES_ERROR;
				CLANG_WARN_SUSPICIOUS_MOVE = YES;
				CLANG_WARN_UNREACHABLE_CODE = YES;
				CLANG_WARN__DUPLICATE_METHOD_MATCH = YES;
				"CODE_SIGN_IDENTITY[sdk=iphoneos*]" = "iPhone Developer";
				COPY_PHASE_STRIP = NO;
				DEBUG_INFORMATION_FORMAT = "dwarf-with-dsym";
				ENABLE_NS_ASSERTIONS = NO;
				ENABLE_STRICT_OBJC_MSGSEND = YES;
				GCC_C_LANGUAGE_STANDARD = gnu99;
				GCC_NO_COMMON_BLOCKS = YES;
				GCC_WARN_64_TO_32_BIT_CONVERSION = YES;
				GCC_WARN_ABOUT_RETURN_TYPE = YES_ERROR;
				GCC_WARN_UNDECLARED_SELECTOR = YES;
				GCC_WARN_UNINITIALIZED_AUTOS = YES_AGGRESSIVE;
				GCC_WARN_UNUSED_FUNCTION = YES;
				GCC_WARN_UNUSED_VARIABLE = YES;
				IPHONEOS_DEPLOYMENT_TARGET = 10.2;
				MTL_ENABLE_DEBUG_INFO = NO;
				SDKROOT = iphoneos;
				SWIFT_OPTIMIZATION_LEVEL = "-Owholemodule";
				VALIDATE_PRODUCT = YES;
			};
			name = Release;
		};
		508FD4E31E6FF32C00BE8DED /* Debug */ = {
			isa = XCBuildConfiguration;
			baseConfigurationReference = 83E7ADA3DD4221964ED2F46E /* Pods-EatWhat.debug.xcconfig */;
			buildSettings = {
				ASSETCATALOG_COMPILER_APPICON_NAME = AppIcon;
				DEVELOPMENT_TEAM = 9257AB8YS3;
				INFOPLIST_FILE = EatWhat/Info.plist;
				LD_RUNPATH_SEARCH_PATHS = "$(inherited) @executable_path/Frameworks";
				PRODUCT_BUNDLE_IDENTIFIER = com.EatWhat;
				PRODUCT_NAME = "$(TARGET_NAME)";
				SWIFT_VERSION = 3.0;
			};
			name = Debug;
		};
		508FD4E41E6FF32C00BE8DED /* Release */ = {
			isa = XCBuildConfiguration;
			baseConfigurationReference = ED1858B4BD8F07600D47C0A9 /* Pods-EatWhat.release.xcconfig */;
			buildSettings = {
				ASSETCATALOG_COMPILER_APPICON_NAME = AppIcon;
				DEVELOPMENT_TEAM = 9257AB8YS3;
				INFOPLIST_FILE = EatWhat/Info.plist;
				LD_RUNPATH_SEARCH_PATHS = "$(inherited) @executable_path/Frameworks";
				PRODUCT_BUNDLE_IDENTIFIER = com.EatWhat;
				PRODUCT_NAME = "$(TARGET_NAME)";
				SWIFT_VERSION = 3.0;
			};
			name = Release;
		};
/* End XCBuildConfiguration section */

/* Begin XCConfigurationList section */
		508FD4CB1E6FF32B00BE8DED /* Build configuration list for PBXProject "EatWhat" */ = {
			isa = XCConfigurationList;
			buildConfigurations = (
				508FD4E01E6FF32C00BE8DED /* Debug */,
				508FD4E11E6FF32C00BE8DED /* Release */,
			);
			defaultConfigurationIsVisible = 0;
			defaultConfigurationName = Release;
		};
		508FD4E21E6FF32C00BE8DED /* Build configuration list for PBXNativeTarget "EatWhat" */ = {
			isa = XCConfigurationList;
			buildConfigurations = (
				508FD4E31E6FF32C00BE8DED /* Debug */,
				508FD4E41E6FF32C00BE8DED /* Release */,
			);
			defaultConfigurationIsVisible = 0;
			defaultConfigurationName = Release;
		};
/* End XCConfigurationList section */
	};
	rootObject = 508FD4C81E6FF32B00BE8DED /* Project object */;
}
